
Microsoft Visual Studio Solution File, Format Version 12.00
# Visual Studio Version 17
VisualStudioVersion = 17.13.35617.110 d17.13
MinimumVisualStudioVersion = 10.0.40219.1
Project("{FAE04EC0-301F-11D3-BF4B-00C04F79EFBC}") = "PayarcSDK", "PayarcSDK\PayarcSDK.csproj", "{39D9FD06-DF0B-46FD-9C53-4EC8565AFFBF}"
EndProject
Project("{FAE04EC0-301F-11D3-BF4B-00C04F79EFBC}") = "PayarcSDK.Sample", "PayarcSDK.Sample\PayarcSDK.Sample.csproj", "{4A01D2D1-5310-477F-A721-8AE56B8301A7}"
EndProject
Global
	GlobalSection(SolutionConfigurationPlatforms) = preSolution
		Debug|Any CPU = Debug|Any CPU
		Release|Any CPU = Release|Any CPU
	EndGlobalSection
	GlobalSection(ProjectConfigurationPlatforms) = postSolution
		{39D9FD06-DF0B-46FD-9C53-4EC8565AFFBF}.Debug|Any CPU.ActiveCfg = Debug|Any CPU
		{39D9FD06-DF0B-46FD-9C53-4EC8565AFFBF}.Debug|Any CPU.Build.0 = Debug|Any CPU
		{39D9FD06-DF0B-46FD-9C53-4EC8565AFFBF}.Release|Any CPU.ActiveCfg = Release|Any CPU
		{39D9FD06-DF0B-46FD-9C53-4EC8565AFFBF}.Release|Any CPU.Build.0 = Release|Any CPU
		{4A01D2D1-5310-477F-A721-8AE56B8301A7}.Debug|Any CPU.ActiveCfg = Debug|Any CPU
		{4A01D2D1-5310-477F-A721-8AE56B8301A7}.Debug|Any CPU.Build.0 = Debug|Any CPU
		{4A01D2D1-5310-477F-A721-8AE56B8301A7}.Release|Any CPU.ActiveCfg = Release|Any CPU
		{4A01D2D1-5310-477F-A721-8AE56B8301A7}.Release|Any CPU.Build.0 = Release|Any CPU
	EndGlobalSection
	GlobalSection(SolutionProperties) = preSolution
		HideSolutionNode = FALSE
	EndGlobalSection
	GlobalSection(ExtensibilityGlobals) = postSolution
		SolutionGuid = {7FB8FEB3-81AF-47AC-BFD3-3BCFA6D9D717}
	EndGlobalSection
EndGlobal
